# This file is automatically @generated by Cargo.
# It is not intended for manual editing.
version = 4

[[package]]
name = "fsn-manager-container-app"
version = "0.1.0"

[[package]]
name = "fsn-manager-icons"
version = "0.1.0"

[[package]]
name = "fsn-manager-language"
version = "0.1.0"

[[package]]
name = "fsn-manager-theme"
version = "0.1.0"
